# This file is autogenerated, do not edit; changes may be undone by the next 'dep ensure'.


[[projects]]
  digest = "1:3944cd7597fcf0cb251333cf6df056cf670961c37dd3281c48737bde45f213d1"
  name = "github.com/go-kit/kit"
  packages = [
    "endpoint",
    "log",
    "transport/http",
  ]
  pruneopts = "NUT"
  revision = "ca4112baa34cb55091301bdc13b1420a122b1b9e"
  version = "v0.7.0"

[[projects]]
  digest = "1:341a7df38da99fe91ed40e4008c13cc5d02dcc98ed1a094360cb7d5df26d6d26"
  name = "github.com/go-logfmt/logfmt"
  packages = ["."]
  pruneopts = "NUT"
  revision = "390ab7935ee28ec6b286364bba9b4dd6410cb3d5"
  version = "v0.3.0"

[[projects]]
  digest = "1:91358b3a314c1ddfd4d6445ca9c1fb846842c31c153e626730594b3c95f73f4a"
  name = "github.com/go-stack/stack"
  packages = ["."]
  pruneopts = "NUT"
  revision = "2fee6af1a9795aafbe0253a0cfbdf668e1fb8a9a"
  version = "v1.8.0"

[[projects]]
  digest = "1:9f4e18855e73d7472c6c3ca65034d02229b850f1248cf6d7b4a826bbaca38a36"
  name = "github.com/go-zoo/bone"
  packages = ["."]
  pruneopts = "NUT"
  revision = "fd0aebc74e908868b09ac140fb5a53cb363884c1"
  version = "1.2"

[[projects]]
  branch = "master"
  digest = "1:f91bb67d051a94cf6ab2cf07eee0550432afc31655838d42cdec258db4b348f0"
  name = "github.com/kr/logfmt"
  packages = ["."]
  pruneopts = "NUT"
  revision = "b84e30acd515aadc4b783ad4ff83aff3299bdfe0"

[[projects]]
  branch = "master"
  digest = "1:5ac0fbcd505c34fff82274992b82b0528f80fbed290125cdd04edc88d6246fd6"
  name = "github.com/satori/go.uuid"
  packages = ["."]
  pruneopts = "NUT"
  revision = "8ccf5352a842c034b1a69f28c863aff9b1cdb116"

[solve-meta]
  analyzer-name = "dep"
  analyzer-version = 1
  input-imports = [
    "github.com/go-kit/kit/transport/http",
    "github.com/go-zoo/bone",
    "github.com/satori/go.uuid",
  ]
  solver-name = "gps-cdcl"
  solver-version = 1
